
Microsoft Visual Studio Solution File, Format Version 12.00
# Visual Studio Version 16
VisualStudioVersion = 16.0.29728.190
MinimumVisualStudioVersion = 10.0.40219.1
Project("{FAE04EC0-301F-11D3-BF4B-00C04F79EFBC}") = "GitRepoEjemplo.Android", "GitRepoEjemplo.Android\GitRepoEjemplo.Android.csproj", "{BE1CE606-DC51-4D95-B100-18D7AEB34E6C}"
EndProject
Project("{FAE04EC0-301F-11D3-BF4B-00C04F79EFBC}") = "GitRepoEjemplo.iOS", "GitRepoEjemplo.iOS\GitRepoEjemplo.iOS.csproj", "{B778C58D-BF19-4B1D-A501-13DE27B4205C}"
EndProject
Project("{FAE04EC0-301F-11D3-BF4B-00C04F79EFBC}") = "GitRepoEjemplo", "GitRepoEjemplo\GitRepoEjemplo.csproj", "{2C61EF8C-FC1E-404E-816C-058CC5F0D400}"
EndProject
Global
	GlobalSection(SolutionConfigurationPlatforms) = preSolution
		Debug|Any CPU = Debug|Any CPU
		Debug|iPhone = Debug|iPhone
		Debug|iPhoneSimulator = Debug|iPhoneSimulator
		Release|Any CPU = Release|Any CPU
		Release|iPhone = Release|iPhone
		Release|iPhoneSimulator = Release|iPhoneSimulator
	EndGlobalSection
	GlobalSection(ProjectConfigurationPlatforms) = postSolution
		{BE1CE606-DC51-4D95-B100-18D7AEB34E6C}.Debug|Any CPU.ActiveCfg = Debug|Any CPU
		{BE1CE606-DC51-4D95-B100-18D7AEB34E6C}.Debug|Any CPU.Build.0 = Debug|Any CPU
		{BE1CE606-DC51-4D95-B100-18D7AEB34E6C}.Debug|Any CPU.Deploy.0 = Debug|Any CPU
		{BE1CE606-DC51-4D95-B100-18D7AEB34E6C}.Debug|iPhone.ActiveCfg = Debug|Any CPU
		{BE1CE606-DC51-4D95-B100-18D7AEB34E6C}.Debug|iPhone.Build.0 = Debug|Any CPU
		{BE1CE606-DC51-4D95-B100-18D7AEB34E6C}.Debug|iPhone.Deploy.0 = Debug|Any CPU
		{BE1CE606-DC51-4D95-B100-18D7AEB34E6C}.Debug|iPhoneSimulator.ActiveCfg = Debug|Any CPU
		{BE1CE606-DC51-4D95-B100-18D7AEB34E6C}.Debug|iPhoneSimulator.Build.0 = Debug|Any CPU
		{BE1CE606-DC51-4D95-B100-18D7AEB34E6C}.Debug|iPhoneSimulator.Deploy.0 = Debug|Any CPU
		{BE1CE606-DC51-4D95-B100-18D7AEB34E6C}.Release|Any CPU.ActiveCfg = Release|Any CPU
		{BE1CE606-DC51-4D95-B100-18D7AEB34E6C}.Release|Any CPU.Build.0 = Release|Any CPU
		{BE1CE606-DC51-4D95-B100-18D7AEB34E6C}.Release|Any CPU.Deploy.0 = Release|Any CPU
		{BE1CE606-DC51-4D95-B100-18D7AEB34E6C}.Release|iPhone.ActiveCfg = Release|Any CPU
		{BE1CE606-DC51-4D95-B100-18D7AEB34E6C}.Release|iPhone.Build.0 = Release|Any CPU
		{BE1CE606-DC51-4D95-B100-18D7AEB34E6C}.Release|iPhone.Deploy.0 = Release|Any CPU
		{BE1CE606-DC51-4D95-B100-18D7AEB34E6C}.Release|iPhoneSimulator.ActiveCfg = Release|Any CPU
		{BE1CE606-DC51-4D95-B100-18D7AEB34E6C}.Release|iPhoneSimulator.Build.0 = Release|Any CPU
		{BE1CE606-DC51-4D95-B100-18D7AEB34E6C}.Release|iPhoneSimulator.Deploy.0 = Release|Any CPU
		{B778C58D-BF19-4B1D-A501-13DE27B4205C}.Debug|Any CPU.ActiveCfg = Debug|iPhoneSimulator
		{B778C58D-BF19-4B1D-A501-13DE27B4205C}.Debug|Any CPU.Build.0 = Debug|iPhoneSimulator
		{B778C58D-BF19-4B1D-A501-13DE27B4205C}.Debug|Any CPU.Deploy.0 = Debug|iPhoneSimulator
		{B778C58D-BF19-4B1D-A501-13DE27B4205C}.Debug|iPhone.ActiveCfg = Debug|iPhone
		{B778C58D-BF19-4B1D-A501-13DE27B4205C}.Debug|iPhone.Build.0 = Debug|iPhone
		{B778C58D-BF19-4B1D-A501-13DE27B4205C}.Debug|iPhone.Deploy.0 = Debug|iPhone
		{B778C58D-BF19-4B1D-A501-13DE27B4205C}.Debug|iPhoneSimulator.ActiveCfg = Debug|iPhoneSimulator
		{B778C58D-BF19-4B1D-A501-13DE27B4205C}.Debug|iPhoneSimulator.Build.0 = Debug|iPhoneSimulator
		{B778C58D-BF19-4B1D-A501-13DE27B4205C}.Debug|iPhoneSimulator.Deploy.0 = Debug|iPhoneSimulator
		{B778C58D-BF19-4B1D-A501-13DE27B4205C}.Release|Any CPU.ActiveCfg = Release|iPhone
		{B778C58D-BF19-4B1D-A501-13DE27B4205C}.Release|Any CPU.Build.0 = Release|iPhone
		{B778C58D-BF19-4B1D-A501-13DE27B4205C}.Release|Any CPU.Deploy.0 = Release|iPhone
		{B778C58D-BF19-4B1D-A501-13DE27B4205C}.Release|iPhone.ActiveCfg = Release|iPhone
		{B778C58D-BF19-4B1D-A501-13DE27B4205C}.Release|iPhone.Build.0 = Release|iPhone
		{B778C58D-BF19-4B1D-A501-13DE27B4205C}.Release|iPhone.Deploy.0 = Release|iPhone
		{B778C58D-BF19-4B1D-A501-13DE27B4205C}.Release|iPhoneSimulator.ActiveCfg = Release|iPhoneSimulator
		{B778C58D-BF19-4B1D-A501-13DE27B4205C}.Release|iPhoneSimulator.Build.0 = Release|iPhoneSimulator
		{B778C58D-BF19-4B1D-A501-13DE27B4205C}.Release|iPhoneSimulator.Deploy.0 = Release|iPhoneSimulator
		{2C61EF8C-FC1E-404E-816C-058CC5F0D400}.Debug|Any CPU.ActiveCfg = Debug|Any CPU
		{2C61EF8C-FC1E-404E-816C-058CC5F0D400}.Debug|Any CPU.Build.0 = Debug|Any CPU
		{2C61EF8C-FC1E-404E-816C-058CC5F0D400}.Debug|Any CPU.Deploy.0 = Debug|Any CPU
		{2C61EF8C-FC1E-404E-816C-058CC5F0D400}.Debug|iPhone.ActiveCfg = Debug|Any CPU
		{2C61EF8C-FC1E-404E-816C-058CC5F0D400}.Debug|iPhone.Build.0 = Debug|Any CPU
		{2C61EF8C-FC1E-404E-816C-058CC5F0D400}.Debug|iPhone.Deploy.0 = Debug|Any CPU
		{2C61EF8C-FC1E-404E-816C-058CC5F0D400}.Debug|iPhoneSimulator.ActiveCfg = Debug|Any CPU
		{2C61EF8C-FC1E-404E-816C-058CC5F0D400}.Debug|iPhoneSimulator.Build.0 = Debug|Any CPU
		{2C61EF8C-FC1E-404E-816C-058CC5F0D400}.Debug|iPhoneSimulator.Deploy.0 = Debug|Any CPU
		{2C61EF8C-FC1E-404E-816C-058CC5F0D400}.Release|Any CPU.ActiveCfg = Release|Any CPU
		{2C61EF8C-FC1E-404E-816C-058CC5F0D400}.Release|Any CPU.Build.0 = Release|Any CPU
		{2C61EF8C-FC1E-404E-816C-058CC5F0D400}.Release|Any CPU.Deploy.0 = Release|Any CPU
		{2C61EF8C-FC1E-404E-816C-058CC5F0D400}.Release|iPhone.ActiveCfg = Release|Any CPU
		{2C61EF8C-FC1E-404E-816C-058CC5F0D400}.Release|iPhone.Build.0 = Release|Any CPU
		{2C61EF8C-FC1E-404E-816C-058CC5F0D400}.Release|iPhone.Deploy.0 = Release|Any CPU
		{2C61EF8C-FC1E-404E-816C-058CC5F0D400}.Release|iPhoneSimulator.ActiveCfg = Release|Any CPU
		{2C61EF8C-FC1E-404E-816C-058CC5F0D400}.Release|iPhoneSimulator.Build.0 = Release|Any CPU
		{2C61EF8C-FC1E-404E-816C-058CC5F0D400}.Release|iPhoneSimulator.Deploy.0 = Release|Any CPU
	EndGlobalSection
	GlobalSection(SolutionProperties) = preSolution
		HideSolutionNode = FALSE
	EndGlobalSection
	GlobalSection(ExtensibilityGlobals) = postSolution
		SolutionGuid = {2C5E4216-9801-4672-B550-99366AEBFE86}
	EndGlobalSection
EndGlobal
